version: 1
generated_at: 2026-06-11T15:41:14Z
internal: []
trusted:
  - action: actions/checkout
    refs:
      - 34e114876b0b11c390a56381ad16ebd13914f8d5
    occurrences:
      34e114876b0b11c390a56381ad16ebd13914f8d5:
        .github/workflows/ci.yml:
          - jobs.test.steps.[0].uses
        .github/workflows/lint.yml:
          - jobs.lint.steps.[0].uses
external:
  - action: ruby/setup-ruby
    refs:
      - afeafc3d1ab54a631816aba4c914a0081c12ff2f
    occurrences:
      afeafc3d1ab54a631816aba4c914a0081c12ff2f:
        .github/workflows/ci.yml:
          - jobs.test.steps.[1].uses
        .github/workflows/lint.yml:
          - jobs.lint.steps.[1].uses
local: []
docker: []
dynamic: []
