version: 1
generated_at: 2026-05-25T13:20:53Z
internal: []
trusted:
  - action: actions/checkout
    refs:
      - v4
    occurrences:
      v4:
        .github/workflows/ci.yml:
          - jobs.test.steps.[0].uses
        .github/workflows/lint.yml:
          - jobs.lint.steps.[0].uses
external:
  - action: ruby/setup-ruby
    refs:
      - v1
    occurrences:
      v1:
        .github/workflows/ci.yml:
          - jobs.test.steps.[1].uses
        .github/workflows/lint.yml:
          - jobs.lint.steps.[1].uses
local: []
docker: []
dynamic: []
